
Microsoft Visual Studio Solution File, Format Version 12.00
# Visual Studio 15
VisualStudioVersion = 15.0.27428.2005
MinimumVisualStudioVersion = 10.0.40219.1
Project("{FAE04EC0-301F-11D3-BF4B-00C04F79EFBC}") = "Shop.Android", "Shop\Shop.Android\Shop.Android.csproj", "{B28C0612-3B32-43A6-A277-13065C8FC5D2}"
EndProject
Project("{FAE04EC0-301F-11D3-BF4B-00C04F79EFBC}") = "Shop.iOS", "Shop\Shop.iOS\Shop.iOS.csproj", "{BA43A013-FF80-4D54-A17B-24AF768D61F5}"
EndProject
Project("{FAE04EC0-301F-11D3-BF4B-00C04F79EFBC}") = "Shop.UWP", "Shop\Shop.UWP\Shop.UWP.csproj", "{964DC9D3-D81A-4DCC-B2F0-D13410170B6C}"
EndProject
Project("{FAE04EC0-301F-11D3-BF4B-00C04F79EFBC}") = "Shop", "Shop\Shop\Shop.csproj", "{ED6CD67F-515B-444B-8EF6-2BD63AA25E06}"
EndProject
Global
	GlobalSection(SolutionConfigurationPlatforms) = preSolution
		Ad-Hoc|Any CPU = Ad-Hoc|Any CPU
		Ad-Hoc|ARM = Ad-Hoc|ARM
		Ad-Hoc|iPhone = Ad-Hoc|iPhone
		Ad-Hoc|iPhoneSimulator = Ad-Hoc|iPhoneSimulator
		Ad-Hoc|x64 = Ad-Hoc|x64
		Ad-Hoc|x86 = Ad-Hoc|x86
		AppStore|Any CPU = AppStore|Any CPU
		AppStore|ARM = AppStore|ARM
		AppStore|iPhone = AppStore|iPhone
		AppStore|iPhoneSimulator = AppStore|iPhoneSimulator
		AppStore|x64 = AppStore|x64
		AppStore|x86 = AppStore|x86
		Debug|Any CPU = Debug|Any CPU
		Debug|ARM = Debug|ARM
		Debug|iPhone = Debug|iPhone
		Debug|iPhoneSimulator = Debug|iPhoneSimulator
		Debug|x64 = Debug|x64
		Debug|x86 = Debug|x86
		Release|Any CPU = Release|Any CPU
		Release|ARM = Release|ARM
		Release|iPhone = Release|iPhone
		Release|iPhoneSimulator = Release|iPhoneSimulator
		Release|x64 = Release|x64
		Release|x86 = Release|x86
	EndGlobalSection
	GlobalSection(ProjectConfigurationPlatforms) = postSolution
		{B28C0612-3B32-43A6-A277-13065C8FC5D2}.Ad-Hoc|Any CPU.ActiveCfg = Release|Any CPU
		{B28C0612-3B32-43A6-A277-13065C8FC5D2}.Ad-Hoc|Any CPU.Build.0 = Release|Any CPU
		{B28C0612-3B32-43A6-A277-13065C8FC5D2}.Ad-Hoc|Any CPU.Deploy.0 = Release|Any CPU
		{B28C0612-3B32-43A6-A277-13065C8FC5D2}.Ad-Hoc|ARM.ActiveCfg = Release|Any CPU
		{B28C0612-3B32-43A6-A277-13065C8FC5D2}.Ad-Hoc|ARM.Build.0 = Release|Any CPU
		{B28C0612-3B32-43A6-A277-13065C8FC5D2}.Ad-Hoc|ARM.Deploy.0 = Release|Any CPU
		{B28C0612-3B32-43A6-A277-13065C8FC5D2}.Ad-Hoc|iPhone.ActiveCfg = Release|Any CPU
		{B28C0612-3B32-43A6-A277-13065C8FC5D2}.Ad-Hoc|iPhone.Build.0 = Release|Any CPU
		{B28C0612-3B32-43A6-A277-13065C8FC5D2}.Ad-Hoc|iPhone.Deploy.0 = Release|Any CPU
		{B28C0612-3B32-43A6-A277-13065C8FC5D2}.Ad-Hoc|iPhoneSimulator.ActiveCfg = Release|Any CPU
		{B28C0612-3B32-43A6-A277-13065C8FC5D2}.Ad-Hoc|iPhoneSimulator.Build.0 = Release|Any CPU
		{B28C0612-3B32-43A6-A277-13065C8FC5D2}.Ad-Hoc|iPhoneSimulator.Deploy.0 = Release|Any CPU
		{B28C0612-3B32-43A6-A277-13065C8FC5D2}.Ad-Hoc|x64.ActiveCfg = Release|Any CPU
		{B28C0612-3B32-43A6-A277-13065C8FC5D2}.Ad-Hoc|x64.Build.0 = Release|Any CPU
		{B28C0612-3B32-43A6-A277-13065C8FC5D2}.Ad-Hoc|x64.Deploy.0 = Release|Any CPU
		{B28C0612-3B32-43A6-A277-13065C8FC5D2}.Ad-Hoc|x86.ActiveCfg = Release|Any CPU
		{B28C0612-3B32-43A6-A277-13065C8FC5D2}.Ad-Hoc|x86.Build.0 = Release|Any CPU
		{B28C0612-3B32-43A6-A277-13065C8FC5D2}.Ad-Hoc|x86.Deploy.0 = Release|Any CPU
		{B28C0612-3B32-43A6-A277-13065C8FC5D2}.AppStore|Any CPU.ActiveCfg = Release|Any CPU
		{B28C0612-3B32-43A6-A277-13065C8FC5D2}.AppStore|Any CPU.Build.0 = Release|Any CPU
		{B28C0612-3B32-43A6-A277-13065C8FC5D2}.AppStore|Any CPU.Deploy.0 = Release|Any CPU
		{B28C0612-3B32-43A6-A277-13065C8FC5D2}.AppStore|ARM.ActiveCfg = Release|Any CPU
		{B28C0612-3B32-43A6-A277-13065C8FC5D2}.AppStore|ARM.Build.0 = Release|Any CPU
		{B28C0612-3B32-43A6-A277-13065C8FC5D2}.AppStore|ARM.Deploy.0 = Release|Any CPU
		{B28C0612-3B32-43A6-A277-13065C8FC5D2}.AppStore|iPhone.ActiveCfg = Release|Any CPU
		{B28C0612-3B32-43A6-A277-13065C8FC5D2}.AppStore|iPhone.Build.0 = Release|Any CPU
		{B28C0612-3B32-43A6-A277-13065C8FC5D2}.AppStore|iPhone.Deploy.0 = Release|Any CPU
		{B28C0612-3B32-43A6-A277-13065C8FC5D2}.AppStore|iPhoneSimulator.ActiveCfg = Release|Any CPU
		{B28C0612-3B32-43A6-A277-13065C8FC5D2}.AppStore|iPhoneSimulator.Build.0 = Release|Any CPU
		{B28C0612-3B32-43A6-A277-13065C8FC5D2}.AppStore|iPhoneSimulator.Deploy.0 = Release|Any CPU
		{B28C0612-3B32-43A6-A277-13065C8FC5D2}.AppStore|x64.ActiveCfg = Release|Any CPU
		{B28C0612-3B32-43A6-A277-13065C8FC5D2}.AppStore|x64.Build.0 = Release|Any CPU
		{B28C0612-3B32-43A6-A277-13065C8FC5D2}.AppStore|x64.Deploy.0 = Release|Any CPU
		{B28C0612-3B32-43A6-A277-13065C8FC5D2}.AppStore|x86.ActiveCfg = Release|Any CPU
		{B28C0612-3B32-43A6-A277-13065C8FC5D2}.AppStore|x86.Build.0 = Release|Any CPU
		{B28C0612-3B32-43A6-A277-13065C8FC5D2}.AppStore|x86.Deploy.0 = Release|Any CPU
		{B28C0612-3B32-43A6-A277-13065C8FC5D2}.Debug|Any CPU.ActiveCfg = Debug|Any CPU
		{B28C0612-3B32-43A6-A277-13065C8FC5D2}.Debug|Any CPU.Build.0 = Debug|Any CPU
		{B28C0612-3B32-43A6-A277-13065C8FC5D2}.Debug|Any CPU.Deploy.0 = Debug|Any CPU
		{B28C0612-3B32-43A6-A277-13065C8FC5D2}.Debug|ARM.ActiveCfg = Debug|Any CPU
		{B28C0612-3B32-43A6-A277-13065C8FC5D2}.Debug|ARM.Build.0 = Debug|Any CPU
		{B28C0612-3B32-43A6-A277-13065C8FC5D2}.Debug|ARM.Deploy.0 = Debug|Any CPU
		{B28C0612-3B32-43A6-A277-13065C8FC5D2}.Debug|iPhone.ActiveCfg = Debug|Any CPU
		{B28C0612-3B32-43A6-A277-13065C8FC5D2}.Debug|iPhone.Build.0 = Debug|Any CPU
		{B28C0612-3B32-43A6-A277-13065C8FC5D2}.Debug|iPhone.Deploy.0 = Debug|Any CPU
		{B28C0612-3B32-43A6-A277-13065C8FC5D2}.Debug|iPhoneSimulator.ActiveCfg = Debug|Any CPU
		{B28C0612-3B32-43A6-A277-13065C8FC5D2}.Debug|iPhoneSimulator.Build.0 = Debug|Any CPU
		{B28C0612-3B32-43A6-A277-13065C8FC5D2}.Debug|iPhoneSimulator.Deploy.0 = Debug|Any CPU
		{B28C0612-3B32-43A6-A277-13065C8FC5D2}.Debug|x64.ActiveCfg = Debug|Any CPU
		{B28C0612-3B32-43A6-A277-13065C8FC5D2}.Debug|x64.Build.0 = Debug|Any CPU
		{B28C0612-3B32-43A6-A277-13065C8FC5D2}.Debug|x64.Deploy.0 = Debug|Any CPU
		{B28C0612-3B32-43A6-A277-13065C8FC5D2}.Debug|x86.ActiveCfg = Debug|Any CPU
		{B28C0612-3B32-43A6-A277-13065C8FC5D2}.Debug|x86.Build.0 = Debug|Any CPU
		{B28C0612-3B32-43A6-A277-13065C8FC5D2}.Debug|x86.Deploy.0 = Debug|Any CPU
		{B28C0612-3B32-43A6-A277-13065C8FC5D2}.Release|Any CPU.ActiveCfg = Release|Any CPU
		{B28C0612-3B32-43A6-A277-13065C8FC5D2}.Release|Any CPU.Build.0 = Release|Any CPU
		{B28C0612-3B32-43A6-A277-13065C8FC5D2}.Release|Any CPU.Deploy.0 = Release|Any CPU
		{B28C0612-3B32-43A6-A277-13065C8FC5D2}.Release|ARM.ActiveCfg = Release|Any CPU
		{B28C0612-3B32-43A6-A277-13065C8FC5D2}.Release|ARM.Build.0 = Release|Any CPU
		{B28C0612-3B32-43A6-A277-13065C8FC5D2}.Release|ARM.Deploy.0 = Release|Any CPU
		{B28C0612-3B32-43A6-A277-13065C8FC5D2}.Release|iPhone.ActiveCfg = Release|Any CPU
		{B28C0612-3B32-43A6-A277-13065C8FC5D2}.Release|iPhone.Build.0 = Release|Any CPU
		{B28C0612-3B32-43A6-A277-13065C8FC5D2}.Release|iPhone.Deploy.0 = Release|Any CPU
		{B28C0612-3B32-43A6-A277-13065C8FC5D2}.Release|iPhoneSimulator.ActiveCfg = Release|Any CPU
		{B28C0612-3B32-43A6-A277-13065C8FC5D2}.Release|iPhoneSimulator.Build.0 = Release|Any CPU
		{B28C0612-3B32-43A6-A277-13065C8FC5D2}.Release|iPhoneSimulator.Deploy.0 = Release|Any CPU
		{B28C0612-3B32-43A6-A277-13065C8FC5D2}.Release|x64.ActiveCfg = Release|Any CPU
		{B28C0612-3B32-43A6-A277-13065C8FC5D2}.Release|x64.Build.0 = Release|Any CPU
		{B28C0612-3B32-43A6-A277-13065C8FC5D2}.Release|x64.Deploy.0 = Release|Any CPU
		{B28C0612-3B32-43A6-A277-13065C8FC5D2}.Release|x86.ActiveCfg = Release|Any CPU
		{B28C0612-3B32-43A6-A277-13065C8FC5D2}.Release|x86.Build.0 = Release|Any CPU
		{B28C0612-3B32-43A6-A277-13065C8FC5D2}.Release|x86.Deploy.0 = Release|Any CPU
		{BA43A013-FF80-4D54-A17B-24AF768D61F5}.Ad-Hoc|Any CPU.ActiveCfg = Ad-Hoc|iPhone
		{BA43A013-FF80-4D54-A17B-24AF768D61F5}.Ad-Hoc|ARM.ActiveCfg = Ad-Hoc|iPhone
		{BA43A013-FF80-4D54-A17B-24AF768D61F5}.Ad-Hoc|iPhone.ActiveCfg = Ad-Hoc|iPhone
		{BA43A013-FF80-4D54-A17B-24AF768D61F5}.Ad-Hoc|iPhone.Build.0 = Ad-Hoc|iPhone
		{BA43A013-FF80-4D54-A17B-24AF768D61F5}.Ad-Hoc|iPhoneSimulator.ActiveCfg = Ad-Hoc|iPhoneSimulator
		{BA43A013-FF80-4D54-A17B-24AF768D61F5}.Ad-Hoc|iPhoneSimulator.Build.0 = Ad-Hoc|iPhoneSimulator
		{BA43A013-FF80-4D54-A17B-24AF768D61F5}.Ad-Hoc|x64.ActiveCfg = Ad-Hoc|iPhone
		{BA43A013-FF80-4D54-A17B-24AF768D61F5}.Ad-Hoc|x86.ActiveCfg = Ad-Hoc|iPhone
		{BA43A013-FF80-4D54-A17B-24AF768D61F5}.AppStore|Any CPU.ActiveCfg = AppStore|iPhone
		{BA43A013-FF80-4D54-A17B-24AF768D61F5}.AppStore|ARM.ActiveCfg = AppStore|iPhone
		{BA43A013-FF80-4D54-A17B-24AF768D61F5}.AppStore|iPhone.ActiveCfg = AppStore|iPhone
		{BA43A013-FF80-4D54-A17B-24AF768D61F5}.AppStore|iPhone.Build.0 = AppStore|iPhone
		{BA43A013-FF80-4D54-A17B-24AF768D61F5}.AppStore|iPhoneSimulator.ActiveCfg = AppStore|iPhoneSimulator
		{BA43A013-FF80-4D54-A17B-24AF768D61F5}.AppStore|iPhoneSimulator.Build.0 = AppStore|iPhoneSimulator
		{BA43A013-FF80-4D54-A17B-24AF768D61F5}.AppStore|x64.ActiveCfg = AppStore|iPhone
		{BA43A013-FF80-4D54-A17B-24AF768D61F5}.AppStore|x86.ActiveCfg = AppStore|iPhone
		{BA43A013-FF80-4D54-A17B-24AF768D61F5}.Debug|Any CPU.ActiveCfg = Debug|iPhone
		{BA43A013-FF80-4D54-A17B-24AF768D61F5}.Debug|ARM.ActiveCfg = Debug|iPhone
		{BA43A013-FF80-4D54-A17B-24AF768D61F5}.Debug|iPhone.ActiveCfg = Debug|iPhone
		{BA43A013-FF80-4D54-A17B-24AF768D61F5}.Debug|iPhone.Build.0 = Debug|iPhone
		{BA43A013-FF80-4D54-A17B-24AF768D61F5}.Debug|iPhoneSimulator.ActiveCfg = Debug|iPhoneSimulator
		{BA43A013-FF80-4D54-A17B-24AF768D61F5}.Debug|iPhoneSimulator.Build.0 = Debug|iPhoneSimulator
		{BA43A013-FF80-4D54-A17B-24AF768D61F5}.Debug|x64.ActiveCfg = Debug|iPhone
		{BA43A013-FF80-4D54-A17B-24AF768D61F5}.Debug|x86.ActiveCfg = Debug|iPhone
		{BA43A013-FF80-4D54-A17B-24AF768D61F5}.Release|Any CPU.ActiveCfg = Release|iPhone
		{BA43A013-FF80-4D54-A17B-24AF768D61F5}.Release|ARM.ActiveCfg = Release|iPhone
		{BA43A013-FF80-4D54-A17B-24AF768D61F5}.Release|iPhone.ActiveCfg = Release|iPhone
		{BA43A013-FF80-4D54-A17B-24AF768D61F5}.Release|iPhone.Build.0 = Release|iPhone
		{BA43A013-FF80-4D54-A17B-24AF768D61F5}.Release|iPhoneSimulator.ActiveCfg = Release|iPhoneSimulator
		{BA43A013-FF80-4D54-A17B-24AF768D61F5}.Release|iPhoneSimulator.Build.0 = Release|iPhoneSimulator
		{BA43A013-FF80-4D54-A17B-24AF768D61F5}.Release|x64.ActiveCfg = Release|iPhone
		{BA43A013-FF80-4D54-A17B-24AF768D61F5}.Release|x86.ActiveCfg = Release|iPhone
		{964DC9D3-D81A-4DCC-B2F0-D13410170B6C}.Ad-Hoc|Any CPU.ActiveCfg = Release|x86
		{964DC9D3-D81A-4DCC-B2F0-D13410170B6C}.Ad-Hoc|Any CPU.Build.0 = Release|x86
		{964DC9D3-D81A-4DCC-B2F0-D13410170B6C}.Ad-Hoc|Any CPU.Deploy.0 = Release|x86
		{964DC9D3-D81A-4DCC-B2F0-D13410170B6C}.Ad-Hoc|ARM.ActiveCfg = Release|ARM
		{964DC9D3-D81A-4DCC-B2F0-D13410170B6C}.Ad-Hoc|ARM.Build.0 = Release|ARM
		{964DC9D3-D81A-4DCC-B2F0-D13410170B6C}.Ad-Hoc|ARM.Deploy.0 = Release|ARM
		{964DC9D3-D81A-4DCC-B2F0-D13410170B6C}.Ad-Hoc|iPhone.ActiveCfg = Release|x86
		{964DC9D3-D81A-4DCC-B2F0-D13410170B6C}.Ad-Hoc|iPhone.Build.0 = Release|x86
		{964DC9D3-D81A-4DCC-B2F0-D13410170B6C}.Ad-Hoc|iPhone.Deploy.0 = Release|x86
		{964DC9D3-D81A-4DCC-B2F0-D13410170B6C}.Ad-Hoc|iPhoneSimulator.ActiveCfg = Release|x86
		{964DC9D3-D81A-4DCC-B2F0-D13410170B6C}.Ad-Hoc|iPhoneSimulator.Build.0 = Release|x86
		{964DC9D3-D81A-4DCC-B2F0-D13410170B6C}.Ad-Hoc|iPhoneSimulator.Deploy.0 = Release|x86
		{964DC9D3-D81A-4DCC-B2F0-D13410170B6C}.Ad-Hoc|x64.ActiveCfg = Release|x64
		{964DC9D3-D81A-4DCC-B2F0-D13410170B6C}.Ad-Hoc|x64.Build.0 = Release|x64
		{964DC9D3-D81A-4DCC-B2F0-D13410170B6C}.Ad-Hoc|x64.Deploy.0 = Release|x64
		{964DC9D3-D81A-4DCC-B2F0-D13410170B6C}.Ad-Hoc|x86.ActiveCfg = Release|x86
		{964DC9D3-D81A-4DCC-B2F0-D13410170B6C}.Ad-Hoc|x86.Build.0 = Release|x86
		{964DC9D3-D81A-4DCC-B2F0-D13410170B6C}.Ad-Hoc|x86.Deploy.0 = Release|x86
		{964DC9D3-D81A-4DCC-B2F0-D13410170B6C}.AppStore|Any CPU.ActiveCfg = Release|x86
		{964DC9D3-D81A-4DCC-B2F0-D13410170B6C}.AppStore|Any CPU.Build.0 = Release|x86
		{964DC9D3-D81A-4DCC-B2F0-D13410170B6C}.AppStore|Any CPU.Deploy.0 = Release|x86
		{964DC9D3-D81A-4DCC-B2F0-D13410170B6C}.AppStore|ARM.ActiveCfg = Release|ARM
		{964DC9D3-D81A-4DCC-B2F0-D13410170B6C}.AppStore|ARM.Build.0 = Release|ARM
		{964DC9D3-D81A-4DCC-B2F0-D13410170B6C}.AppStore|ARM.Deploy.0 = Release|ARM
		{964DC9D3-D81A-4DCC-B2F0-D13410170B6C}.AppStore|iPhone.ActiveCfg = Release|x86
		{964DC9D3-D81A-4DCC-B2F0-D13410170B6C}.AppStore|iPhone.Build.0 = Release|x86
		{964DC9D3-D81A-4DCC-B2F0-D13410170B6C}.AppStore|iPhone.Deploy.0 = Release|x86
		{964DC9D3-D81A-4DCC-B2F0-D13410170B6C}.AppStore|iPhoneSimulator.ActiveCfg = Release|x86
		{964DC9D3-D81A-4DCC-B2F0-D13410170B6C}.AppStore|iPhoneSimulator.Build.0 = Release|x86
		{964DC9D3-D81A-4DCC-B2F0-D13410170B6C}.AppStore|iPhoneSimulator.Deploy.0 = Release|x86
		{964DC9D3-D81A-4DCC-B2F0-D13410170B6C}.AppStore|x64.ActiveCfg = Release|x64
		{964DC9D3-D81A-4DCC-B2F0-D13410170B6C}.AppStore|x64.Build.0 = Release|x64
		{964DC9D3-D81A-4DCC-B2F0-D13410170B6C}.AppStore|x64.Deploy.0 = Release|x64
		{964DC9D3-D81A-4DCC-B2F0-D13410170B6C}.AppStore|x86.ActiveCfg = Release|x86
		{964DC9D3-D81A-4DCC-B2F0-D13410170B6C}.AppStore|x86.Build.0 = Release|x86
		{964DC9D3-D81A-4DCC-B2F0-D13410170B6C}.AppStore|x86.Deploy.0 = Release|x86
		{964DC9D3-D81A-4DCC-B2F0-D13410170B6C}.Debug|Any CPU.ActiveCfg = Debug|x86
		{964DC9D3-D81A-4DCC-B2F0-D13410170B6C}.Debug|ARM.ActiveCfg = Debug|ARM
		{964DC9D3-D81A-4DCC-B2F0-D13410170B6C}.Debug|ARM.Build.0 = Debug|ARM
		{964DC9D3-D81A-4DCC-B2F0-D13410170B6C}.Debug|ARM.Deploy.0 = Debug|ARM
		{964DC9D3-D81A-4DCC-B2F0-D13410170B6C}.Debug|iPhone.ActiveCfg = Debug|x86
		{964DC9D3-D81A-4DCC-B2F0-D13410170B6C}.Debug|iPhoneSimulator.ActiveCfg = Debug|x86
		{964DC9D3-D81A-4DCC-B2F0-D13410170B6C}.Debug|x64.ActiveCfg = Debug|x64
		{964DC9D3-D81A-4DCC-B2F0-D13410170B6C}.Debug|x64.Build.0 = Debug|x64
		{964DC9D3-D81A-4DCC-B2F0-D13410170B6C}.Debug|x64.Deploy.0 = Debug|x64
		{964DC9D3-D81A-4DCC-B2F0-D13410170B6C}.Debug|x86.ActiveCfg = Debug|x86
		{964DC9D3-D81A-4DCC-B2F0-D13410170B6C}.Debug|x86.Build.0 = Debug|x86
		{964DC9D3-D81A-4DCC-B2F0-D13410170B6C}.Debug|x86.Deploy.0 = Debug|x86
		{964DC9D3-D81A-4DCC-B2F0-D13410170B6C}.Release|Any CPU.ActiveCfg = Release|x86
		{964DC9D3-D81A-4DCC-B2F0-D13410170B6C}.Release|ARM.ActiveCfg = Release|ARM
		{964DC9D3-D81A-4DCC-B2F0-D13410170B6C}.Release|ARM.Build.0 = Release|ARM
		{964DC9D3-D81A-4DCC-B2F0-D13410170B6C}.Release|ARM.Deploy.0 = Release|ARM
		{964DC9D3-D81A-4DCC-B2F0-D13410170B6C}.Release|iPhone.ActiveCfg = Release|x86
		{964DC9D3-D81A-4DCC-B2F0-D13410170B6C}.Release|iPhoneSimulator.ActiveCfg = Release|x86
		{964DC9D3-D81A-4DCC-B2F0-D13410170B6C}.Release|x64.ActiveCfg = Release|x64
		{964DC9D3-D81A-4DCC-B2F0-D13410170B6C}.Release|x64.Build.0 = Release|x64
		{964DC9D3-D81A-4DCC-B2F0-D13410170B6C}.Release|x64.Deploy.0 = Release|x64
		{964DC9D3-D81A-4DCC-B2F0-D13410170B6C}.Release|x86.ActiveCfg = Release|x86
		{964DC9D3-D81A-4DCC-B2F0-D13410170B6C}.Release|x86.Build.0 = Release|x86
		{964DC9D3-D81A-4DCC-B2F0-D13410170B6C}.Release|x86.Deploy.0 = Release|x86
		{ED6CD67F-515B-444B-8EF6-2BD63AA25E06}.Ad-Hoc|Any CPU.ActiveCfg = Debug|Any CPU
		{ED6CD67F-515B-444B-8EF6-2BD63AA25E06}.Ad-Hoc|Any CPU.Build.0 = Debug|Any CPU
		{ED6CD67F-515B-444B-8EF6-2BD63AA25E06}.Ad-Hoc|ARM.ActiveCfg = Debug|Any CPU
		{ED6CD67F-515B-444B-8EF6-2BD63AA25E06}.Ad-Hoc|ARM.Build.0 = Debug|Any CPU
		{ED6CD67F-515B-444B-8EF6-2BD63AA25E06}.Ad-Hoc|iPhone.ActiveCfg = Debug|Any CPU
		{ED6CD67F-515B-444B-8EF6-2BD63AA25E06}.Ad-Hoc|iPhone.Build.0 = Debug|Any CPU
		{ED6CD67F-515B-444B-8EF6-2BD63AA25E06}.Ad-Hoc|iPhoneSimulator.ActiveCfg = Debug|Any CPU
		{ED6CD67F-515B-444B-8EF6-2BD63AA25E06}.Ad-Hoc|iPhoneSimulator.Build.0 = Debug|Any CPU
		{ED6CD67F-515B-444B-8EF6-2BD63AA25E06}.Ad-Hoc|x64.ActiveCfg = Debug|Any CPU
		{ED6CD67F-515B-444B-8EF6-2BD63AA25E06}.Ad-Hoc|x64.Build.0 = Debug|Any CPU
		{ED6CD67F-515B-444B-8EF6-2BD63AA25E06}.Ad-Hoc|x86.ActiveCfg = Debug|Any CPU
		{ED6CD67F-515B-444B-8EF6-2BD63AA25E06}.Ad-Hoc|x86.Build.0 = Debug|Any CPU
		{ED6CD67F-515B-444B-8EF6-2BD63AA25E06}.AppStore|Any CPU.ActiveCfg = Debug|Any CPU
		{ED6CD67F-515B-444B-8EF6-2BD63AA25E06}.AppStore|Any CPU.Build.0 = Debug|Any CPU
		{ED6CD67F-515B-444B-8EF6-2BD63AA25E06}.AppStore|ARM.ActiveCfg = Debug|Any CPU
		{ED6CD67F-515B-444B-8EF6-2BD63AA25E06}.AppStore|ARM.Build.0 = Debug|Any CPU
		{ED6CD67F-515B-444B-8EF6-2BD63AA25E06}.AppStore|iPhone.ActiveCfg = Debug|Any CPU
		{ED6CD67F-515B-444B-8EF6-2BD63AA25E06}.AppStore|iPhone.Build.0 = Debug|Any CPU
		{ED6CD67F-515B-444B-8EF6-2BD63AA25E06}.AppStore|iPhoneSimulator.ActiveCfg = Debug|Any CPU
		{ED6CD67F-515B-444B-8EF6-2BD63AA25E06}.AppStore|iPhoneSimulator.Build.0 = Debug|Any CPU
		{ED6CD67F-515B-444B-8EF6-2BD63AA25E06}.AppStore|x64.ActiveCfg = Debug|Any CPU
		{ED6CD67F-515B-444B-8EF6-2BD63AA25E06}.AppStore|x64.Build.0 = Debug|Any CPU
		{ED6CD67F-515B-444B-8EF6-2BD63AA25E06}.AppStore|x86.ActiveCfg = Debug|Any CPU
		{ED6CD67F-515B-444B-8EF6-2BD63AA25E06}.AppStore|x86.Build.0 = Debug|Any CPU
		{ED6CD67F-515B-444B-8EF6-2BD63AA25E06}.Debug|Any CPU.ActiveCfg = Debug|Any CPU
		{ED6CD67F-515B-444B-8EF6-2BD63AA25E06}.Debug|Any CPU.Build.0 = Debug|Any CPU
		{ED6CD67F-515B-444B-8EF6-2BD63AA25E06}.Debug|ARM.ActiveCfg = Debug|Any CPU
		{ED6CD67F-515B-444B-8EF6-2BD63AA25E06}.Debug|ARM.Build.0 = Debug|Any CPU
		{ED6CD67F-515B-444B-8EF6-2BD63AA25E06}.Debug|iPhone.ActiveCfg = Debug|Any CPU
		{ED6CD67F-515B-444B-8EF6-2BD63AA25E06}.Debug|iPhone.Build.0 = Debug|Any CPU
		{ED6CD67F-515B-444B-8EF6-2BD63AA25E06}.Debug|iPhoneSimulator.ActiveCfg = Debug|Any CPU
		{ED6CD67F-515B-444B-8EF6-2BD63AA25E06}.Debug|iPhoneSimulator.Build.0 = Debug|Any CPU
		{ED6CD67F-515B-444B-8EF6-2BD63AA25E06}.Debug|x64.ActiveCfg = Debug|Any CPU
		{ED6CD67F-515B-444B-8EF6-2BD63AA25E06}.Debug|x64.Build.0 = Debug|Any CPU
		{ED6CD67F-515B-444B-8EF6-2BD63AA25E06}.Debug|x86.ActiveCfg = Debug|Any CPU
		{ED6CD67F-515B-444B-8EF6-2BD63AA25E06}.Debug|x86.Build.0 = Debug|Any CPU
		{ED6CD67F-515B-444B-8EF6-2BD63AA25E06}.Release|Any CPU.ActiveCfg = Release|Any CPU
		{ED6CD67F-515B-444B-8EF6-2BD63AA25E06}.Release|Any CPU.Build.0 = Release|Any CPU
		{ED6CD67F-515B-444B-8EF6-2BD63AA25E06}.Release|ARM.ActiveCfg = Release|Any CPU
		{ED6CD67F-515B-444B-8EF6-2BD63AA25E06}.Release|ARM.Build.0 = Release|Any CPU
		{ED6CD67F-515B-444B-8EF6-2BD63AA25E06}.Release|iPhone.ActiveCfg = Release|Any CPU
		{ED6CD67F-515B-444B-8EF6-2BD63AA25E06}.Release|iPhone.Build.0 = Release|Any CPU
		{ED6CD67F-515B-444B-8EF6-2BD63AA25E06}.Release|iPhoneSimulator.ActiveCfg = Release|Any CPU
		{ED6CD67F-515B-444B-8EF6-2BD63AA25E06}.Release|iPhoneSimulator.Build.0 = Release|Any CPU
		{ED6CD67F-515B-444B-8EF6-2BD63AA25E06}.Release|x64.ActiveCfg = Release|Any CPU
		{ED6CD67F-515B-444B-8EF6-2BD63AA25E06}.Release|x64.Build.0 = Release|Any CPU
		{ED6CD67F-515B-444B-8EF6-2BD63AA25E06}.Release|x86.ActiveCfg = Release|Any CPU
		{ED6CD67F-515B-444B-8EF6-2BD63AA25E06}.Release|x86.Build.0 = Release|Any CPU
	EndGlobalSection
	GlobalSection(SolutionProperties) = preSolution
		HideSolutionNode = FALSE
	EndGlobalSection
	GlobalSection(ExtensibilityGlobals) = postSolution
		SolutionGuid = {2853E366-7FEB-42B1-AB47-F122567E2A7D}
	EndGlobalSection
EndGlobal
